
Microsoft Visual Studio Solution File, Format Version 12.00
# Visual Studio Version 17
VisualStudioVersion = 17.3.32811.315
MinimumVisualStudioVersion = 10.0.40219.1
Project("{FAE04EC0-301F-11D3-BF4B-00C04F79EFBC}") = "SwaggerDemo", "SwaggerDemo\SwaggerDemo.csproj", "{8F52677E-DA23-450F-97E2-3D025DD75156}"
EndProject
Global
	GlobalSection(SolutionConfigurationPlatforms) = preSolution
		Debug|Any CPU = Debug|Any CPU
		Release|Any CPU = Release|Any CPU
	EndGlobalSection
	GlobalSection(ProjectConfigurationPlatforms) = postSolution
		{8F52677E-DA23-450F-97E2-3D025DD75156}.Debug|Any CPU.ActiveCfg = Debug|Any CPU
		{8F52677E-DA23-450F-97E2-3D025DD75156}.Debug|Any CPU.Build.0 = Debug|Any CPU
		{8F52677E-DA23-450F-97E2-3D025DD75156}.Release|Any CPU.ActiveCfg = Release|Any CPU
		{8F52677E-DA23-450F-97E2-3D025DD75156}.Release|Any CPU.Build.0 = Release|Any CPU
	EndGlobalSection
	GlobalSection(SolutionProperties) = preSolution
		HideSolutionNode = FALSE
	EndGlobalSection
	GlobalSection(ExtensibilityGlobals) = postSolution
		SolutionGuid = {787453F6-45B7-4E65-93EC-9B3A8FDC25A9}
	EndGlobalSection
EndGlobal
